// !$*UTF8*$!
{
	archiveVersion = 1;
	classes = {
	};
	objectVersion = 50;
	objects = {

/* Begin PBXBuildFile section */
		1841136C252CC0AA004880F4 /* AppDelegate.m in Sources */ = {isa = PBXBuildFile; fileRef = 1841136B252CC0AA004880F4 /* AppDelegate.m */; };
		1841136F252CC0AA004880F4 /* ViewController.m in Sources */ = {isa = PBXBuildFile; fileRef = 1841136E252CC0AA004880F4 /* ViewController.m */; };
		18411372252CC0AA004880F4 /* Main.storyboard in Resources */ = {isa = PBXBuildFile; fileRef = 18411370252CC0AA004880F4 /* Main.storyboard */; };
		18411374252CC0AE004880F4 /* Assets.xcassets in Resources */ = {isa = PBXBuildFile; fileRef = 18411373252CC0AE004880F4 /* Assets.xcassets */; };
		18411377252CC0AE004880F4 /* LaunchScreen.storyboard in Resources */ = {isa = PBXBuildFile; fileRef = 18411375252CC0AE004880F4 /* LaunchScreen.storyboard */; };
		1841137A252CC0AE004880F4 /* main.m in Sources */ = {isa = PBXBuildFile; fileRef = 18411379252CC0AE004880F4 /* main.m */; };
		18411384252CC0AE004880F4 /* _____Tests.m in Sources */ = {isa = PBXBuildFile; fileRef = 18411383252CC0AE004880F4 /* _____Tests.m */; };
		1841138F252CC0AE004880F4 /* _____UITests.m in Sources */ = {isa = PBXBuildFile; fileRef = 1841138E252CC0AE004880F4 /* _____UITests.m */; };
/* End PBXBuildFile section */

/* Begin PBXContainerItemProxy section */
		18411380252CC0AE004880F4 /* PBXContainerItemProxy */ = {
			isa = PBXContainerItemProxy;
			containerPortal = 1841135F252CC0AA004880F4 /* Project object */;
			proxyType = 1;
			remoteGlobalIDString = 18411366252CC0AA004880F4;
			remoteInfo = "加法计算器";
		};
		1841138B252CC0AE004880F4 /* PBXContainerItemProxy */ = {
			isa = PBXContainerItemProxy;
			containerPortal = 1841135F252CC0AA004880F4 /* Project object */;
			proxyType = 1;
			remoteGlobalIDString = 18411366252CC0AA004880F4;
			remoteInfo = "加法计算器";
		};
/* End PBXContainerItemProxy section */

/* Begin PBXFileReference section */
		18411367252CC0AA004880F4 /* 加法计算器.app */ = {isa = PBXFileReference; explicitFileType = wrapper.application; includeInIndex = 0; path = "加法计算器.app"; sourceTree = BUILT_PRODUCTS_DIR; };
		1841136A252CC0AA004880F4 /* AppDelegate.h */ = {isa = PBXFileReference; lastKnownFileType = sourcecode.c.h; path = AppDelegate.h; sourceTree = "<group>"; };
		1841136B252CC0AA004880F4 /* AppDelegate.m */ = {isa = PBXFileReference; lastKnownFileType = sourcecode.c.objc; path = AppDelegate.m; sourceTree = "<group>"; };
		1841136D252CC0AA004880F4 /* ViewController.h */ = {isa = PBXFileReference; lastKnownFileType = sourcecode.c.h; path = ViewController.h; sourceTree = "<group>"; };
		1841136E252CC0AA004880F4 /* ViewController.m */ = {isa = PBXFileReference; lastKnownFileType = sourcecode.c.objc; path = ViewController.m; sourceTree = "<group>"; };
		18411371252CC0AA004880F4 /* Base */ = {isa = PBXFileReference; lastKnownFileType = file.storyboard; name = Base; path = Base.lproj/Main.storyboard; sourceTree = "<group>"; };
		18411373252CC0AE004880F4 /* Assets.xcassets */ = {isa = PBXFileReference; lastKnownFileType = folder.assetcatalog; path = Assets.xcassets; sourceTree = "<group>"; };
		18411376252CC0AE004880F4 /* Base */ = {isa = PBXFileReference; lastKnownFileType = file.storyboard; name = Base; path = Base.lproj/LaunchScreen.storyboard; sourceTree = "<group>"; };
		18411378252CC0AE004880F4 /* Info.plist */ = {isa = PBXFileReference; lastKnownFileType = text.plist.xml; path = Info.plist; sourceTree = "<group>"; };
		18411379252CC0AE004880F4 /* main.m */ = {isa = PBXFileReference; lastKnownFileType = sourcecode.c.objc; path = main.m; sourceTree = "<group>"; };
		1841137F252CC0AE004880F4 /* 加法计算器Tests.xctest */ = {isa = PBXFileReference; explicitFileType = wrapper.cfbundle; includeInIndex = 0; path = "加法计算器Tests.xctest"; sourceTree = BUILT_PRODUCTS_DIR; };
		18411383252CC0AE004880F4 /* _____Tests.m */ = {isa = PBXFileReference; lastKnownFileType = sourcecode.c.objc; path = "_____Tests.m"; sourceTree = "<group>"; };
		18411385252CC0AE004880F4 /* Info.plist */ = {isa = PBXFileReference; lastKnownFileType = text.plist.xml; path = Info.plist; sourceTree = "<group>"; };
		1841138A252CC0AE004880F4 /* 加法计算器UITests.xctest */ = {isa = PBXFileReference; explicitFileType = wrapper.cfbundle; includeInIndex = 0; path = "加法计算器UITests.xctest"; sourceTree = BUILT_PRODUCTS_DIR; };
		1841138E252CC0AE004880F4 /* _____UITests.m */ = {isa = PBXFileReference; lastKnownFileType = sourcecode.c.objc; path = "_____UITests.m"; sourceTree = "<group>"; };
		18411390252CC0AE004880F4 /* Info.plist */ = {isa = PBXFileReference; lastKnownFileType = text.plist.xml; path = Info.plist; sourceTree = "<group>"; };
		1841139F252CC485004880F4 /* en */ = {isa = PBXFileReference; lastKnownFileType = text.plist.strings; name = en; path = en.lproj/Main.strings; sourceTree = "<group>"; };
/* End PBXFileReference section */

/* Begin PBXFrameworksBuildPhase section */
		18411364252CC0AA004880F4 /* Frameworks */ = {
			isa = PBXFrameworksBuildPhase;
			buildActionMask = 2147483647;
			files = (
			);
			runOnlyForDeploymentPostprocessing = 0;
		};
		1841137C252CC0AE004880F4 /* Frameworks */ = {
			isa = PBXFrameworksBuildPhase;
			buildActionMask = 2147483647;
			files = (
			);
			runOnlyForDeploymentPostprocessing = 0;
		};
		18411387252CC0AE004880F4 /* Frameworks */ = {
			isa = PBXFrameworksBuildPhase;
			buildActionMask = 2147483647;
			files = (
			);
			runOnlyForDeploymentPostprocessing = 0;
		};
/* End PBXFrameworksBuildPhase section */

/* Begin PBXGroup section */
		1841135E252CC0AA004880F4 = {
			isa = PBXGroup;
			children = (
				18411369252CC0AA004880F4 /* 加法计算器 */,
				18411382252CC0AE004880F4 /* 加法计算器Tests */,
				1841138D252CC0AE004880F4 /* 加法计算器UITests */,
				18411368252CC0AA004880F4 /* Products */,
			);
			sourceTree = "<group>";
		};
		18411368252CC0AA004880F4 /* Products */ = {
			isa = PBXGroup;
			children = (
				18411367252CC0AA004880F4 /* 加法计算器.app */,
				1841137F252CC0AE004880F4 /* 加法计算器Tests.xctest */,
				1841138A252CC0AE004880F4 /* 加法计算器UITests.xctest */,
			);
			name = Products;
			sourceTree = "<group>";
		};
		18411369252CC0AA004880F4 /* 加法计算器 */ = {
			isa = PBXGroup;
			children = (
				1841136A252CC0AA004880F4 /* AppDelegate.h */,
				1841136B252CC0AA004880F4 /* AppDelegate.m */,
				1841136D252CC0AA004880F4 /* ViewController.h */,
				1841136E252CC0AA004880F4 /* ViewController.m */,
				18411370252CC0AA004880F4 /* Main.storyboard */,
				18411373252CC0AE004880F4 /* Assets.xcassets */,
				18411375252CC0AE004880F4 /* LaunchScreen.storyboard */,
				18411378252CC0AE004880F4 /* Info.plist */,
				18411379252CC0AE004880F4 /* main.m */,
			);
			path = "加法计算器";
			sourceTree = "<group>";
		};
		18411382252CC0AE004880F4 /* 加法计算器Tests */ = {
			isa = PBXGroup;
			children = (
				18411383252CC0AE004880F4 /* _____Tests.m */,
				18411385252CC0AE004880F4 /* Info.plist */,
			);
			path = "加法计算器Tests";
			sourceTree = "<group>";
		};
		1841138D252CC0AE004880F4 /* 加法计算器UITests */ = {
			isa = PBXGroup;
			children = (
				1841138E252CC0AE004880F4 /* _____UITests.m */,
				18411390252CC0AE004880F4 /* Info.plist */,
			);
			path = "加法计算器UITests";
			sourceTree = "<group>";
		};
/* End PBXGroup section */

/* Begin PBXNativeTarget section */
		18411366252CC0AA004880F4 /* 加法计算器 */ = {
			isa = PBXNativeTarget;
			buildConfigurationList = 18411393252CC0AE004880F4 /* Build configuration list for PBXNativeTarget "加法计算器" */;
			buildPhases = (
				18411363252CC0AA004880F4 /* Sources */,
				18411364252CC0AA004880F4 /* Frameworks */,
				18411365252CC0AA004880F4 /* Resources */,
			);
			buildRules = (
			);
			dependencies = (
			);
			name = "加法计算器";
			productName = "加法计算器";
			productReference = 18411367252CC0AA004880F4 /* 加法计算器.app */;
			productType = "com.apple.product-type.application";
		};
		1841137E252CC0AE004880F4 /* 加法计算器Tests */ = {
			isa = PBXNativeTarget;
			buildConfigurationList = 18411396252CC0AE004880F4 /* Build configuration list for PBXNativeTarget "加法计算器Tests" */;
			buildPhases = (
				1841137B252CC0AE004880F4 /* Sources */,
				1841137C252CC0AE004880F4 /* Frameworks */,
				1841137D252CC0AE004880F4 /* Resources */,
			);
			buildRules = (
			);
			dependencies = (
				18411381252CC0AE004880F4 /* PBXTargetDependency */,
			);
			name = "加法计算器Tests";
			productName = "加法计算器Tests";
			productReference = 1841137F252CC0AE004880F4 /* 加法计算器Tests.xctest */;
			productType = "com.apple.product-type.bundle.unit-test";
		};
		18411389252CC0AE004880F4 /* 加法计算器UITests */ = {
			isa = PBXNativeTarget;
			buildConfigurationList = 18411399252CC0AE004880F4 /* Build configuration list for PBXNativeTarget "加法计算器UITests" */;
			buildPhases = (
				18411386252CC0AE004880F4 /* Sources */,
				18411387252CC0AE004880F4 /* Frameworks */,
				18411388252CC0AE004880F4 /* Resources */,
			);
			buildRules = (
			);
			dependencies = (
				1841138C252CC0AE004880F4 /* PBXTargetDependency */,
			);
			name = "加法计算器UITests";
			productName = "加法计算器UITests";
			productReference = 1841138A252CC0AE004880F4 /* 加法计算器UITests.xctest */;
			productType = "com.apple.product-type.bundle.ui-testing";
		};
/* End PBXNativeTarget section */

/* Begin PBXProject section */
		1841135F252CC0AA004880F4 /* Project object */ = {
			isa = PBXProject;
			attributes = {
				LastUpgradeCheck = 1010;
				ORGANIZATIONNAME = wzazzy;
				TargetAttributes = {
					18411366252CC0AA004880F4 = {
						CreatedOnToolsVersion = 10.1;
					};
					1841137E252CC0AE004880F4 = {
						CreatedOnToolsVersion = 10.1;
						TestTargetID = 18411366252CC0AA004880F4;
					};
					18411389252CC0AE004880F4 = {
						CreatedOnToolsVersion = 10.1;
						TestTargetID = 18411366252CC0AA004880F4;
					};
				};
			};
			buildConfigurationList = 18411362252CC0AA004880F4 /* Build configuration list for PBXProject "加法计算器" */;
			compatibilityVersion = "Xcode 9.3";
			developmentRegion = en;
			hasScannedForEncodings = 0;
			knownRegions = (
				en,
				Base,
			);
			mainGroup = 1841135E252CC0AA004880F4;
			productRefGroup = 18411368252CC0AA004880F4 /* Products */;
			projectDirPath = "";
			projectRoot = "";
			targets = (
				18411366252CC0AA004880F4 /* 加法计算器 */,
				1841137E252CC0AE004880F4 /* 加法计算器Tests */,
				18411389252CC0AE004880F4 /* 加法计算器UITests */,
			);
		};
/* End PBXProject section */

/* Begin PBXResourcesBuildPhase section */
		18411365252CC0AA004880F4 /* Resources */ = {
			isa = PBXResourcesBuildPhase;
			buildActionMask = 2147483647;
			files = (
				18411377252CC0AE004880F4 /* LaunchScreen.storyboard in Resources */,
				18411374252CC0AE004880F4 /* Assets.xcassets in Resources */,
				18411372252CC0AA004880F4 /* Main.storyboard in Resources */,
			);
			runOnlyForDeploymentPostprocessing = 0;
		};
		1841137D252CC0AE004880F4 /* Resources */ = {
			isa = PBXResourcesBuildPhase;
			buildActionMask = 2147483647;
			files = (
			);
			runOnlyForDeploymentPostprocessing = 0;
		};
		18411388252CC0AE004880F4 /* Resources */ = {
			isa = PBXResourcesBuildPhase;
			buildActionMask = 2147483647;
			files = (
			);
			runOnlyForDeploymentPostprocessing = 0;
		};
/* End PBXResourcesBuildPhase section */

/* Begin PBXSourcesBuildPhase section */
		18411363252CC0AA004880F4 /* Sources */ = {
			isa = PBXSourcesBuildPhase;
			buildActionMask = 2147483647;
			files = (
				1841136F252CC0AA004880F4 /* ViewController.m in Sources */,
				1841137A252CC0AE004880F4 /* main.m in Sources */,
				1841136C252CC0AA004880F4 /* AppDelegate.m in Sources */,
			);
			runOnlyForDeploymentPostprocessing = 0;
		};
		1841137B252CC0AE004880F4 /* Sources */ = {
			isa = PBXSourcesBuildPhase;
			buildActionMask = 2147483647;
			files = (
				18411384252CC0AE004880F4 /* _____Tests.m in Sources */,
			);
			runOnlyForDeploymentPostprocessing = 0;
		};
		18411386252CC0AE004880F4 /* Sources */ = {
			isa = PBXSourcesBuildPhase;
			buildActionMask = 2147483647;
			files = (
				1841138F252CC0AE004880F4 /* _____UITests.m in Sources */,
			);
			runOnlyForDeploymentPostprocessing = 0;
		};
/* End PBXSourcesBuildPhase section */

/* Begin PBXTargetDependency section */
		18411381252CC0AE004880F4 /* PBXTargetDependency */ = {
			isa = PBXTargetDependency;
			target = 18411366252CC0AA004880F4 /* 加法计算器 */;
			targetProxy = 18411380252CC0AE004880F4 /* PBXContainerItemProxy */;
		};
		1841138C252CC0AE004880F4 /* PBXTargetDependency */ = {
			isa = PBXTargetDependency;
			target = 18411366252CC0AA004880F4 /* 加法计算器 */;
			targetProxy = 1841138B252CC0AE004880F4 /* PBXContainerItemProxy */;
		};
/* End PBXTargetDependency section */

/* Begin PBXVariantGroup section */
		18411370252CC0AA004880F4 /* Main.storyboard */ = {
			isa = PBXVariantGroup;
			children = (
				18411371252CC0AA004880F4 /* Base */,
				1841139F252CC485004880F4 /* en */,
			);
			name = Main.storyboard;
			sourceTree = "<group>";
		};
		18411375252CC0AE004880F4 /* LaunchScreen.storyboard */ = {
			isa = PBXVariantGroup;
			children = (
				18411376252CC0AE004880F4 /* Base */,
			);
			name = LaunchScreen.storyboard;
			sourceTree = "<group>";
		};
/* End PBXVariantGroup section */

/* Begin XCBuildConfiguration section */
		18411391252CC0AE004880F4 /* Debug */ = {
			isa = XCBuildConfiguration;
			buildSettings = {
				ALWAYS_SEARCH_USER_PATHS = NO;
				CLANG_ANALYZER_NONNULL = YES;
				CLANG_ANALYZER_NUMBER_OBJECT_CONVERSION = YES_AGGRESSIVE;
				CLANG_CXX_LANGUAGE_STANDARD = "gnu++14";
				CLANG_CXX_LIBRARY = "libc++";
				CLANG_ENABLE_MODULES = YES;
				CLANG_ENABLE_OBJC_ARC = YES;
				CLANG_ENABLE_OBJC_WEAK = YES;
				CLANG_WARN_BLOCK_CAPTURE_AUTORELEASING = YES;
				CLANG_WARN_BOOL_CONVERSION = YES;
				CLANG_WARN_COMMA = YES;
				CLANG_WARN_CONSTANT_CONVERSION = YES;
				CLANG_WARN_DEPRECATED_OBJC_IMPLEMENTATIONS = YES;
				CLANG_WARN_DIRECT_OBJC_ISA_USAGE = YES_ERROR;
				CLANG_WARN_DOCUMENTATION_COMMENTS = YES;
				CLANG_WARN_EMPTY_BODY = YES;
				CLANG_WARN_ENUM_CONVERSION = YES;
				CLANG_WARN_INFINITE_RECURSION = YES;
				CLANG_WARN_INT_CONVERSION = YES;
				CLANG_WARN_NON_LITERAL_NULL_CONVERSION = YES;
				CLANG_WARN_OBJC_IMPLICIT_RETAIN_SELF = YES;
				CLANG_WARN_OBJC_LITERAL_CONVERSION = YES;
				CLANG_WARN_OBJC_ROOT_CLASS = YES_ERROR;
				CLANG_WARN_RANGE_LOOP_ANALYSIS = YES;
				CLANG_WARN_STRICT_PROTOTYPES = YES;
				CLANG_WARN_SUSPICIOUS_MOVE = YES;
				CLANG_WARN_UNGUARDED_AVAILABILITY = YES_AGGRESSIVE;
				CLANG_WARN_UNREACHABLE_CODE = YES;
				CLANG_WARN__DUPLICATE_METHOD_MATCH = YES;
				CODE_SIGN_IDENTITY = "iPhone Developer";
				COPY_PHASE_STRIP = NO;
				DEBUG_INFORMATION_FORMAT = dwarf;
				ENABLE_STRICT_OBJC_MSGSEND = YES;
				ENABLE_TESTABILITY = YES;
				GCC_C_LANGUAGE_STANDARD = gnu11;
				GCC_DYNAMIC_NO_PIC = NO;
				GCC_NO_COMMON_BLOCKS = YES;
				GCC_OPTIMIZATION_LEVEL = 0;
				GCC_PREPROCESSOR_DEFINITIONS = (
					"DEBUG=1",
					"$(inherited)",
				);
				GCC_WARN_64_TO_32_BIT_CONVERSION = YES;
				GCC_WARN_ABOUT_RETURN_TYPE = YES_ERROR;
				GCC_WARN_UNDECLARED_SELECTOR = YES;
				GCC_WARN_UNINITIALIZED_AUTOS = YES_AGGRESSIVE;
				GCC_WARN_UNUSED_FUNCTION = YES;
				GCC_WARN_UNUSED_VARIABLE = YES;
				IPHONEOS_DEPLOYMENT_TARGET = 12.1;
				MTL_ENABLE_DEBUG_INFO = INCLUDE_SOURCE;
				MTL_FAST_MATH = YES;
				ONLY_ACTIVE_ARCH = YES;
				SDKROOT = iphoneos;
			};
			name = Debug;
		};
		18411392252CC0AE004880F4 /* Release */ = {
			isa = XCBuildConfiguration;
			buildSettings = {
				ALWAYS_SEARCH_USER_PATHS = NO;
				CLANG_ANALYZER_NONNULL = YES;
				CLANG_ANALYZER_NUMBER_OBJECT_CONVERSION = YES_AGGRESSIVE;
				CLANG_CXX_LANGUAGE_STANDARD = "gnu++14";
				CLANG_CXX_LIBRARY = "libc++";
				CLANG_ENABLE_MODULES = YES;
				CLANG_ENABLE_OBJC_ARC = YES;
				CLANG_ENABLE_OBJC_WEAK = YES;
				CLANG_WARN_BLOCK_CAPTURE_AUTORELEASING = YES;
				CLANG_WARN_BOOL_CONVERSION = YES;
				CLANG_WARN_COMMA = YES;
				CLANG_WARN_CONSTANT_CONVERSION = YES;
				CLANG_WARN_DEPRECATED_OBJC_IMPLEMENTATIONS = YES;
				CLANG_WARN_DIRECT_OBJC_ISA_USAGE = YES_ERROR;
				CLANG_WARN_DOCUMENTATION_COMMENTS = YES;
				CLANG_WARN_EMPTY_BODY = YES;
				CLANG_WARN_ENUM_CONVERSION = YES;
				CLANG_WARN_INFINITE_RECURSION = YES;
				CLANG_WARN_INT_CONVERSION = YES;
				CLANG_WARN_NON_LITERAL_NULL_CONVERSION = YES;
				CLANG_WARN_OBJC_IMPLICIT_RETAIN_SELF = YES;
				CLANG_WARN_OBJC_LITERAL_CONVERSION = YES;
				CLANG_WARN_OBJC_ROOT_CLASS = YES_ERROR;
				CLANG_WARN_RANGE_LOOP_ANALYSIS = YES;
				CLANG_WARN_STRICT_PROTOTYPES = YES;
				CLANG_WARN_SUSPICIOUS_MOVE = YES;
				CLANG_WARN_UNGUARDED_AVAILABILITY = YES_AGGRESSIVE;
				CLANG_WARN_UNREACHABLE_CODE = YES;
				CLANG_WARN__DUPLICATE_METHOD_MATCH = YES;
				CODE_SIGN_IDENTITY = "iPhone Developer";
				COPY_PHASE_STRIP = NO;
				DEBUG_INFORMATION_FORMAT = "dwarf-with-dsym";
				ENABLE_NS_ASSERTIONS = NO;
				ENABLE_STRICT_OBJC_MSGSEND = YES;
				GCC_C_LANGUAGE_STANDARD = gnu11;
				GCC_NO_COMMON_BLOCKS = YES;
				GCC_WARN_64_TO_32_BIT_CONVERSION = YES;
				GCC_WARN_ABOUT_RETURN_TYPE = YES_ERROR;
				GCC_WARN_UNDECLARED_SELECTOR = YES;
				GCC_WARN_UNINITIALIZED_AUTOS = YES_AGGRESSIVE;
				GCC_WARN_UNUSED_FUNCTION = YES;
				GCC_WARN_UNUSED_VARIABLE = YES;
				IPHONEOS_DEPLOYMENT_TARGET = 12.1;
				MTL_ENABLE_DEBUG_INFO = NO;
				MTL_FAST_MATH = YES;
				SDKROOT = iphoneos;
				VALIDATE_PRODUCT = YES;
			};
			name = Release;
		};
		18411394252CC0AE004880F4 /* Debug */ = {
			isa = XCBuildConfiguration;
			buildSettings = {
				ASSETCATALOG_COMPILER_APPICON_NAME = AppIcon;
				CODE_SIGN_STYLE = Automatic;
				INFOPLIST_FILE = "加法计算器/Info.plist";
				LD_RUNPATH_SEARCH_PATHS = (
					"$(inherited)",
					"@executable_path/Frameworks",
				);
				PRODUCT_BUNDLE_IDENTIFIER = "gyh.-----";
				PRODUCT_NAME = "$(TARGET_NAME)";
				TARGETED_DEVICE_FAMILY = "1,2";
			};
			name = Debug;
		};
		18411395252CC0AE004880F4 /* Release */ = {
			isa = XCBuildConfiguration;
			buildSettings = {
				ASSETCATALOG_COMPILER_APPICON_NAME = AppIcon;
				CODE_SIGN_STYLE = Automatic;
				INFOPLIST_FILE = "加法计算器/Info.plist";
				LD_RUNPATH_SEARCH_PATHS = (
					"$(inherited)",
					"@executable_path/Frameworks",
				);
				PRODUCT_BUNDLE_IDENTIFIER = "gyh.-----";
				PRODUCT_NAME = "$(TARGET_NAME)";
				TARGETED_DEVICE_FAMILY = "1,2";
			};
			name = Release;
		};
		18411397252CC0AE004880F4 /* Debug */ = {
			isa = XCBuildConfiguration;
			buildSettings = {
				BUNDLE_LOADER = "$(TEST_HOST)";
				CODE_SIGN_STYLE = Automatic;
				INFOPLIST_FILE = "加法计算器Tests/Info.plist";
				LD_RUNPATH_SEARCH_PATHS = (
					"$(inherited)",
					"@executable_path/Frameworks",
					"@loader_path/Frameworks",
				);
				PRODUCT_BUNDLE_IDENTIFIER = "gyh.-----Tests";
				PRODUCT_NAME = "$(TARGET_NAME)";
				TARGETED_DEVICE_FAMILY = "1,2";
				TEST_HOST = "$(BUILT_PRODUCTS_DIR)/加法计算器.app/加法计算器";
			};
			name = Debug;
		};
		18411398252CC0AE004880F4 /* Release */ = {
			isa = XCBuildConfiguration;
			buildSettings = {
				BUNDLE_LOADER = "$(TEST_HOST)";
				CODE_SIGN_STYLE = Automatic;
				INFOPLIST_FILE = "加法计算器Tests/Info.plist";
				LD_RUNPATH_SEARCH_PATHS = (
					"$(inherited)",
					"@executable_path/Frameworks",
					"@loader_path/Frameworks",
				);
				PRODUCT_BUNDLE_IDENTIFIER = "gyh.-----Tests";
				PRODUCT_NAME = "$(TARGET_NAME)";
				TARGETED_DEVICE_FAMILY = "1,2";
				TEST_HOST = "$(BUILT_PRODUCTS_DIR)/加法计算器.app/加法计算器";
			};
			name = Release;
		};
		1841139A252CC0AE004880F4 /* Debug */ = {
			isa = XCBuildConfiguration;
			buildSettings = {
				CODE_SIGN_STYLE = Automatic;
				INFOPLIST_FILE = "加法计算器UITests/Info.plist";
				LD_RUNPATH_SEARCH_PATHS = (
					"$(inherited)",
					"@executable_path/Frameworks",
					"@loader_path/Frameworks",
				);
				PRODUCT_BUNDLE_IDENTIFIER = "gyh.-----UITests";
				PRODUCT_NAME = "$(TARGET_NAME)";
				TARGETED_DEVICE_FAMILY = "1,2";
				TEST_TARGET_NAME = "加法计算器";
			};
			name = Debug;
		};
		1841139B252CC0AE004880F4 /* Release */ = {
			isa = XCBuildConfiguration;
			buildSettings = {
				CODE_SIGN_STYLE = Automatic;
				INFOPLIST_FILE = "加法计算器UITests/Info.plist";
				LD_RUNPATH_SEARCH_PATHS = (
					"$(inherited)",
					"@executable_path/Frameworks",
					"@loader_path/Frameworks",
				);
				PRODUCT_BUNDLE_IDENTIFIER = "gyh.-----UITests";
				PRODUCT_NAME = "$(TARGET_NAME)";
				TARGETED_DEVICE_FAMILY = "1,2";
				TEST_TARGET_NAME = "加法计算器";
			};
			name = Release;
		};
/* End XCBuildConfiguration section */

/* Begin XCConfigurationList section */
		18411362252CC0AA004880F4 /* Build configuration list for PBXProject "加法计算器" */ = {
			isa = XCConfigurationList;
			buildConfigurations = (
				18411391252CC0AE004880F4 /* Debug */,
				18411392252CC0AE004880F4 /* Release */,
			);
			defaultConfigurationIsVisible = 0;
			defaultConfigurationName = Release;
		};
		18411393252CC0AE004880F4 /* Build configuration list for PBXNativeTarget "加法计算器" */ = {
			isa = XCConfigurationList;
			buildConfigurations = (
				18411394252CC0AE004880F4 /* Debug */,
				18411395252CC0AE004880F4 /* Release */,
			);
			defaultConfigurationIsVisible = 0;
			defaultConfigurationName = Release;
		};
		18411396252CC0AE004880F4 /* Build configuration list for PBXNativeTarget "加法计算器Tests" */ = {
			isa = XCConfigurationList;
			buildConfigurations = (
				18411397252CC0AE004880F4 /* Debug */,
				18411398252CC0AE004880F4 /* Release */,
			);
			defaultConfigurationIsVisible = 0;
			defaultConfigurationName = Release;
		};
		18411399252CC0AE004880F4 /* Build configuration list for PBXNativeTarget "加法计算器UITests" */ = {
			isa = XCConfigurationList;
			buildConfigurations = (
				1841139A252CC0AE004880F4 /* Debug */,
				1841139B252CC0AE004880F4 /* Release */,
			);
			defaultConfigurationIsVisible = 0;
			defaultConfigurationName = Release;
		};
/* End XCConfigurationList section */
	};
	rootObject = 1841135F252CC0AA004880F4 /* Project object */;
}
